
Microsoft Visual Studio Solution File, Format Version 12.00
# Visual Studio 2013
VisualStudioVersion = 12.0.40629.0
MinimumVisualStudioVersion = 10.0.40219.1
Project("{FAE04EC0-301F-11D3-BF4B-00C04F79EFBC}") = "Community.Web", "Community\Community.Web.csproj", "{2345ABC8-DAF6-48C1-BF08-473C3F14FA84}"
EndProject
Project("{FAE04EC0-301F-11D3-BF4B-00C04F79EFBC}") = "Community.DAL", "Community.DAL\Community.DAL.csproj", "{B0E84B49-CC08-46D3-BE09-63496E86B10F}"
EndProject
Project("{FAE04EC0-301F-11D3-BF4B-00C04F79EFBC}") = "Community.BLL", "Community.BLL\Community.BLL.csproj", "{F611C886-16C3-43B6-AB59-982CFE7DE8BC}"
EndProject
Project("{FAE04EC0-301F-11D3-BF4B-00C04F79EFBC}") = "Community.Logger", "Community.Logger\Community.Logger.csproj", "{8A1AD0AB-31C2-484A-81EE-E9538DF21822}"
EndProject
Global
	GlobalSection(SolutionConfigurationPlatforms) = preSolution
		Debug|Any CPU = Debug|Any CPU
		Release|Any CPU = Release|Any CPU
	EndGlobalSection
	GlobalSection(ProjectConfigurationPlatforms) = postSolution
		{2345ABC8-DAF6-48C1-BF08-473C3F14FA84}.Debug|Any CPU.ActiveCfg = Debug|Any CPU
		{2345ABC8-DAF6-48C1-BF08-473C3F14FA84}.Debug|Any CPU.Build.0 = Debug|Any CPU
		{2345ABC8-DAF6-48C1-BF08-473C3F14FA84}.Release|Any CPU.ActiveCfg = Release|Any CPU
		{2345ABC8-DAF6-48C1-BF08-473C3F14FA84}.Release|Any CPU.Build.0 = Release|Any CPU
		{B0E84B49-CC08-46D3-BE09-63496E86B10F}.Debug|Any CPU.ActiveCfg = Debug|Any CPU
		{B0E84B49-CC08-46D3-BE09-63496E86B10F}.Debug|Any CPU.Build.0 = Debug|Any CPU
		{B0E84B49-CC08-46D3-BE09-63496E86B10F}.Release|Any CPU.ActiveCfg = Release|Any CPU
		{B0E84B49-CC08-46D3-BE09-63496E86B10F}.Release|Any CPU.Build.0 = Release|Any CPU
		{F611C886-16C3-43B6-AB59-982CFE7DE8BC}.Debug|Any CPU.ActiveCfg = Debug|Any CPU
		{F611C886-16C3-43B6-AB59-982CFE7DE8BC}.Debug|Any CPU.Build.0 = Debug|Any CPU
		{F611C886-16C3-43B6-AB59-982CFE7DE8BC}.Release|Any CPU.ActiveCfg = Release|Any CPU
		{F611C886-16C3-43B6-AB59-982CFE7DE8BC}.Release|Any CPU.Build.0 = Release|Any CPU
		{8A1AD0AB-31C2-484A-81EE-E9538DF21822}.Debug|Any CPU.ActiveCfg = Debug|Any CPU
		{8A1AD0AB-31C2-484A-81EE-E9538DF21822}.Debug|Any CPU.Build.0 = Debug|Any CPU
		{8A1AD0AB-31C2-484A-81EE-E9538DF21822}.Release|Any CPU.ActiveCfg = Release|Any CPU
		{8A1AD0AB-31C2-484A-81EE-E9538DF21822}.Release|Any CPU.Build.0 = Release|Any CPU
	EndGlobalSection
	GlobalSection(SolutionProperties) = preSolution
		HideSolutionNode = FALSE
	EndGlobalSection
EndGlobal
